
Microsoft Visual Studio Solution File, Format Version 12.00
# Visual Studio 15
VisualStudioVersion = 15.0.26124.0
MinimumVisualStudioVersion = 15.0.26124.0
Project("{2150E333-8FDC-42A3-9474-1A3956D46DE8}") = "Code", "Code", "{D8D28431-0503-4939-B59F-BBABF547CFDC}"
EndProject
Project("{FAE04EC0-301F-11D3-BF4B-00C04F79EFBC}") = "BugCheckYML.Api", "Code\BugCheckYML.Api\BugCheckYML.Api.csproj", "{1A4F09B5-794F-42D4-9D54-DEAC4FD45AFB}"
EndProject
Project("{FAE04EC0-301F-11D3-BF4B-00C04F79EFBC}") = "BugCheckYML.BusinessEntities", "Code\BugCheckYML.BusinessEntities\BugCheckYML.BusinessEntities.csproj", "{5B69C25A-C12F-4D75-A24E-FA6EA9F62ADA}"
EndProject
Project("{FAE04EC0-301F-11D3-BF4B-00C04F79EFBC}") = "BugCheckYML.BusinessServices", "Code\BugCheckYML.BusinessServices\BugCheckYML.BusinessServices.csproj", "{81A83180-B023-4082-B7F5-9759CEA6978D}"
EndProject
Project("{FAE04EC0-301F-11D3-BF4B-00C04F79EFBC}") = "BugCheckYML.Contracts", "Code\BugCheckYML.Contracts\BugCheckYML.Contracts.csproj", "{A162D7E1-F73E-4EC5-9AA3-6CA63E406530}"
EndProject
Project("{FAE04EC0-301F-11D3-BF4B-00C04F79EFBC}") = "BugCheckYML.Data", "Code\BugCheckYML.Data\BugCheckYML.Data.csproj", "{05AD9F9C-78B3-4C64-81A9-3FDADE3818E0}"
EndProject
Project("{FAE04EC0-301F-11D3-BF4B-00C04F79EFBC}") = "BugCheckYML.Test.Api", "Code\BugCheckYML.Test.Api\BugCheckYML.Test.Api.csproj", "{66B2568E-DEE3-479F-985A-5435855BAEA1}"
EndProject
Project("{FAE04EC0-301F-11D3-BF4B-00C04F79EFBC}") = "BugCheckYML.Test.Business", "Code\BugCheckYML.Test.Business\BugCheckYML.Test.Business.csproj", "{01F3E1D3-A3C1-44E6-B6D8-BE5B239BE9D2}"
EndProject
Project("{FAE04EC0-301F-11D3-BF4B-00C04F79EFBC}") = "BugCheckYML.Test.Framework", "Code\BugCheckYML.Test.Framework\BugCheckYML.Test.Framework.csproj", "{61A1AD5D-4426-460D-9C7E-66900A43D12A}"
EndProject
Project("{2150E333-8FDC-42A3-9474-1A3956D46DE8}") = "Test", "Test", "{1F96D843-2002-491C-AC88-A4BC62C6FD6F}"
EndProject
Global
	GlobalSection(SolutionConfigurationPlatforms) = preSolution
		Debug|Any CPU = Debug|Any CPU
		Debug|x64 = Debug|x64
		Debug|x86 = Debug|x86
		Release|Any CPU = Release|Any CPU
		Release|x64 = Release|x64
		Release|x86 = Release|x86
	EndGlobalSection
	GlobalSection(SolutionProperties) = preSolution
		HideSolutionNode = FALSE
	EndGlobalSection
	GlobalSection(ProjectConfigurationPlatforms) = postSolution
		{1A4F09B5-794F-42D4-9D54-DEAC4FD45AFB}.Debug|Any CPU.ActiveCfg = Debug|Any CPU
		{1A4F09B5-794F-42D4-9D54-DEAC4FD45AFB}.Debug|Any CPU.Build.0 = Debug|Any CPU
		{1A4F09B5-794F-42D4-9D54-DEAC4FD45AFB}.Debug|x64.ActiveCfg = Debug|Any CPU
		{1A4F09B5-794F-42D4-9D54-DEAC4FD45AFB}.Debug|x64.Build.0 = Debug|Any CPU
		{1A4F09B5-794F-42D4-9D54-DEAC4FD45AFB}.Debug|x86.ActiveCfg = Debug|Any CPU
		{1A4F09B5-794F-42D4-9D54-DEAC4FD45AFB}.Debug|x86.Build.0 = Debug|Any CPU
		{1A4F09B5-794F-42D4-9D54-DEAC4FD45AFB}.Release|Any CPU.ActiveCfg = Release|Any CPU
		{1A4F09B5-794F-42D4-9D54-DEAC4FD45AFB}.Release|Any CPU.Build.0 = Release|Any CPU
		{1A4F09B5-794F-42D4-9D54-DEAC4FD45AFB}.Release|x64.ActiveCfg = Release|Any CPU
		{1A4F09B5-794F-42D4-9D54-DEAC4FD45AFB}.Release|x64.Build.0 = Release|Any CPU
		{1A4F09B5-794F-42D4-9D54-DEAC4FD45AFB}.Release|x86.ActiveCfg = Release|Any CPU
		{1A4F09B5-794F-42D4-9D54-DEAC4FD45AFB}.Release|x86.Build.0 = Release|Any CPU
		{5B69C25A-C12F-4D75-A24E-FA6EA9F62ADA}.Debug|Any CPU.ActiveCfg = Debug|Any CPU
		{5B69C25A-C12F-4D75-A24E-FA6EA9F62ADA}.Debug|Any CPU.Build.0 = Debug|Any CPU
		{5B69C25A-C12F-4D75-A24E-FA6EA9F62ADA}.Debug|x64.ActiveCfg = Debug|Any CPU
		{5B69C25A-C12F-4D75-A24E-FA6EA9F62ADA}.Debug|x64.Build.0 = Debug|Any CPU
		{5B69C25A-C12F-4D75-A24E-FA6EA9F62ADA}.Debug|x86.ActiveCfg = Debug|Any CPU
		{5B69C25A-C12F-4D75-A24E-FA6EA9F62ADA}.Debug|x86.Build.0 = Debug|Any CPU
		{5B69C25A-C12F-4D75-A24E-FA6EA9F62ADA}.Release|Any CPU.ActiveCfg = Release|Any CPU
		{5B69C25A-C12F-4D75-A24E-FA6EA9F62ADA}.Release|Any CPU.Build.0 = Release|Any CPU
		{5B69C25A-C12F-4D75-A24E-FA6EA9F62ADA}.Release|x64.ActiveCfg = Release|Any CPU
		{5B69C25A-C12F-4D75-A24E-FA6EA9F62ADA}.Release|x64.Build.0 = Release|Any CPU
		{5B69C25A-C12F-4D75-A24E-FA6EA9F62ADA}.Release|x86.ActiveCfg = Release|Any CPU
		{5B69C25A-C12F-4D75-A24E-FA6EA9F62ADA}.Release|x86.Build.0 = Release|Any CPU
		{81A83180-B023-4082-B7F5-9759CEA6978D}.Debug|Any CPU.ActiveCfg = Debug|Any CPU
		{81A83180-B023-4082-B7F5-9759CEA6978D}.Debug|Any CPU.Build.0 = Debug|Any CPU
		{81A83180-B023-4082-B7F5-9759CEA6978D}.Debug|x64.ActiveCfg = Debug|Any CPU
		{81A83180-B023-4082-B7F5-9759CEA6978D}.Debug|x64.Build.0 = Debug|Any CPU
		{81A83180-B023-4082-B7F5-9759CEA6978D}.Debug|x86.ActiveCfg = Debug|Any CPU
		{81A83180-B023-4082-B7F5-9759CEA6978D}.Debug|x86.Build.0 = Debug|Any CPU
		{81A83180-B023-4082-B7F5-9759CEA6978D}.Release|Any CPU.ActiveCfg = Release|Any CPU
		{81A83180-B023-4082-B7F5-9759CEA6978D}.Release|Any CPU.Build.0 = Release|Any CPU
		{81A83180-B023-4082-B7F5-9759CEA6978D}.Release|x64.ActiveCfg = Release|Any CPU
		{81A83180-B023-4082-B7F5-9759CEA6978D}.Release|x64.Build.0 = Release|Any CPU
		{81A83180-B023-4082-B7F5-9759CEA6978D}.Release|x86.ActiveCfg = Release|Any CPU
		{81A83180-B023-4082-B7F5-9759CEA6978D}.Release|x86.Build.0 = Release|Any CPU
		{A162D7E1-F73E-4EC5-9AA3-6CA63E406530}.Debug|Any CPU.ActiveCfg = Debug|Any CPU
		{A162D7E1-F73E-4EC5-9AA3-6CA63E406530}.Debug|Any CPU.Build.0 = Debug|Any CPU
		{A162D7E1-F73E-4EC5-9AA3-6CA63E406530}.Debug|x64.ActiveCfg = Debug|Any CPU
		{A162D7E1-F73E-4EC5-9AA3-6CA63E406530}.Debug|x64.Build.0 = Debug|Any CPU
		{A162D7E1-F73E-4EC5-9AA3-6CA63E406530}.Debug|x86.ActiveCfg = Debug|Any CPU
		{A162D7E1-F73E-4EC5-9AA3-6CA63E406530}.Debug|x86.Build.0 = Debug|Any CPU
		{A162D7E1-F73E-4EC5-9AA3-6CA63E406530}.Release|Any CPU.ActiveCfg = Release|Any CPU
		{A162D7E1-F73E-4EC5-9AA3-6CA63E406530}.Release|Any CPU.Build.0 = Release|Any CPU
		{A162D7E1-F73E-4EC5-9AA3-6CA63E406530}.Release|x64.ActiveCfg = Release|Any CPU
		{A162D7E1-F73E-4EC5-9AA3-6CA63E406530}.Release|x64.Build.0 = Release|Any CPU
		{A162D7E1-F73E-4EC5-9AA3-6CA63E406530}.Release|x86.ActiveCfg = Release|Any CPU
		{A162D7E1-F73E-4EC5-9AA3-6CA63E406530}.Release|x86.Build.0 = Release|Any CPU
		{05AD9F9C-78B3-4C64-81A9-3FDADE3818E0}.Debug|Any CPU.ActiveCfg = Debug|Any CPU
		{05AD9F9C-78B3-4C64-81A9-3FDADE3818E0}.Debug|Any CPU.Build.0 = Debug|Any CPU
		{05AD9F9C-78B3-4C64-81A9-3FDADE3818E0}.Debug|x64.ActiveCfg = Debug|Any CPU
		{05AD9F9C-78B3-4C64-81A9-3FDADE3818E0}.Debug|x64.Build.0 = Debug|Any CPU
		{05AD9F9C-78B3-4C64-81A9-3FDADE3818E0}.Debug|x86.ActiveCfg = Debug|Any CPU
		{05AD9F9C-78B3-4C64-81A9-3FDADE3818E0}.Debug|x86.Build.0 = Debug|Any CPU
		{05AD9F9C-78B3-4C64-81A9-3FDADE3818E0}.Release|Any CPU.ActiveCfg = Release|Any CPU
		{05AD9F9C-78B3-4C64-81A9-3FDADE3818E0}.Release|Any CPU.Build.0 = Release|Any CPU
		{05AD9F9C-78B3-4C64-81A9-3FDADE3818E0}.Release|x64.ActiveCfg = Release|Any CPU
		{05AD9F9C-78B3-4C64-81A9-3FDADE3818E0}.Release|x64.Build.0 = Release|Any CPU
		{05AD9F9C-78B3-4C64-81A9-3FDADE3818E0}.Release|x86.ActiveCfg = Release|Any CPU
		{05AD9F9C-78B3-4C64-81A9-3FDADE3818E0}.Release|x86.Build.0 = Release|Any CPU
		{66B2568E-DEE3-479F-985A-5435855BAEA1}.Debug|Any CPU.ActiveCfg = Debug|Any CPU
		{66B2568E-DEE3-479F-985A-5435855BAEA1}.Debug|Any CPU.Build.0 = Debug|Any CPU
		{66B2568E-DEE3-479F-985A-5435855BAEA1}.Debug|x64.ActiveCfg = Debug|Any CPU
		{66B2568E-DEE3-479F-985A-5435855BAEA1}.Debug|x64.Build.0 = Debug|Any CPU
		{66B2568E-DEE3-479F-985A-5435855BAEA1}.Debug|x86.ActiveCfg = Debug|Any CPU
		{66B2568E-DEE3-479F-985A-5435855BAEA1}.Debug|x86.Build.0 = Debug|Any CPU
		{66B2568E-DEE3-479F-985A-5435855BAEA1}.Release|Any CPU.ActiveCfg = Release|Any CPU
		{66B2568E-DEE3-479F-985A-5435855BAEA1}.Release|Any CPU.Build.0 = Release|Any CPU
		{66B2568E-DEE3-479F-985A-5435855BAEA1}.Release|x64.ActiveCfg = Release|Any CPU
		{66B2568E-DEE3-479F-985A-5435855BAEA1}.Release|x64.Build.0 = Release|Any CPU
		{66B2568E-DEE3-479F-985A-5435855BAEA1}.Release|x86.ActiveCfg = Release|Any CPU
		{66B2568E-DEE3-479F-985A-5435855BAEA1}.Release|x86.Build.0 = Release|Any CPU
		{01F3E1D3-A3C1-44E6-B6D8-BE5B239BE9D2}.Debug|Any CPU.ActiveCfg = Debug|Any CPU
		{01F3E1D3-A3C1-44E6-B6D8-BE5B239BE9D2}.Debug|Any CPU.Build.0 = Debug|Any CPU
		{01F3E1D3-A3C1-44E6-B6D8-BE5B239BE9D2}.Debug|x64.ActiveCfg = Debug|Any CPU
		{01F3E1D3-A3C1-44E6-B6D8-BE5B239BE9D2}.Debug|x64.Build.0 = Debug|Any CPU
		{01F3E1D3-A3C1-44E6-B6D8-BE5B239BE9D2}.Debug|x86.ActiveCfg = Debug|Any CPU
		{01F3E1D3-A3C1-44E6-B6D8-BE5B239BE9D2}.Debug|x86.Build.0 = Debug|Any CPU
		{01F3E1D3-A3C1-44E6-B6D8-BE5B239BE9D2}.Release|Any CPU.ActiveCfg = Release|Any CPU
		{01F3E1D3-A3C1-44E6-B6D8-BE5B239BE9D2}.Release|Any CPU.Build.0 = Release|Any CPU
		{01F3E1D3-A3C1-44E6-B6D8-BE5B239BE9D2}.Release|x64.ActiveCfg = Release|Any CPU
		{01F3E1D3-A3C1-44E6-B6D8-BE5B239BE9D2}.Release|x64.Build.0 = Release|Any CPU
		{01F3E1D3-A3C1-44E6-B6D8-BE5B239BE9D2}.Release|x86.ActiveCfg = Release|Any CPU
		{01F3E1D3-A3C1-44E6-B6D8-BE5B239BE9D2}.Release|x86.Build.0 = Release|Any CPU
		{61A1AD5D-4426-460D-9C7E-66900A43D12A}.Debug|Any CPU.ActiveCfg = Debug|Any CPU
		{61A1AD5D-4426-460D-9C7E-66900A43D12A}.Debug|Any CPU.Build.0 = Debug|Any CPU
		{61A1AD5D-4426-460D-9C7E-66900A43D12A}.Debug|x64.ActiveCfg = Debug|Any CPU
		{61A1AD5D-4426-460D-9C7E-66900A43D12A}.Debug|x64.Build.0 = Debug|Any CPU
		{61A1AD5D-4426-460D-9C7E-66900A43D12A}.Debug|x86.ActiveCfg = Debug|Any CPU
		{61A1AD5D-4426-460D-9C7E-66900A43D12A}.Debug|x86.Build.0 = Debug|Any CPU
		{61A1AD5D-4426-460D-9C7E-66900A43D12A}.Release|Any CPU.ActiveCfg = Release|Any CPU
		{61A1AD5D-4426-460D-9C7E-66900A43D12A}.Release|Any CPU.Build.0 = Release|Any CPU
		{61A1AD5D-4426-460D-9C7E-66900A43D12A}.Release|x64.ActiveCfg = Release|Any CPU
		{61A1AD5D-4426-460D-9C7E-66900A43D12A}.Release|x64.Build.0 = Release|Any CPU
		{61A1AD5D-4426-460D-9C7E-66900A43D12A}.Release|x86.ActiveCfg = Release|Any CPU
		{61A1AD5D-4426-460D-9C7E-66900A43D12A}.Release|x86.Build.0 = Release|Any CPU
	EndGlobalSection
	GlobalSection(NestedProjects) = preSolution
		{1A4F09B5-794F-42D4-9D54-DEAC4FD45AFB} = {D8D28431-0503-4939-B59F-BBABF547CFDC}
		{5B69C25A-C12F-4D75-A24E-FA6EA9F62ADA} = {D8D28431-0503-4939-B59F-BBABF547CFDC}
		{81A83180-B023-4082-B7F5-9759CEA6978D} = {D8D28431-0503-4939-B59F-BBABF547CFDC}
		{A162D7E1-F73E-4EC5-9AA3-6CA63E406530} = {D8D28431-0503-4939-B59F-BBABF547CFDC}
		{05AD9F9C-78B3-4C64-81A9-3FDADE3818E0} = {D8D28431-0503-4939-B59F-BBABF547CFDC}
		{66B2568E-DEE3-479F-985A-5435855BAEA1} = {1F96D843-2002-491C-AC88-A4BC62C6FD6F}
		{01F3E1D3-A3C1-44E6-B6D8-BE5B239BE9D2} = {1F96D843-2002-491C-AC88-A4BC62C6FD6F}
		{61A1AD5D-4426-460D-9C7E-66900A43D12A} = {1F96D843-2002-491C-AC88-A4BC62C6FD6F}
	EndGlobalSection
EndGlobal
